
Microsoft Visual Studio Solution File, Format Version 12.00
# Visual Studio Version 17
VisualStudioVersion = 17.2.32630.192
MinimumVisualStudioVersion = 10.0.40219.1
Project("{FAE04EC0-301F-11D3-BF4B-00C04F79EFBC}") = "Tasks.Web", "Tasks.Web\Tasks.Web.csproj", "{93B657E7-4B10-40DE-9B94-0552811B0365}"
EndProject
Project("{FAE04EC0-301F-11D3-BF4B-00C04F79EFBC}") = "Tasks.Domain", "Tasks.Domain\Tasks.Domain.csproj", "{C3227A8F-646D-4AC5-B368-A144CC7C88AB}"
EndProject
Project("{FAE04EC0-301F-11D3-BF4B-00C04F79EFBC}") = "Tasks.Infraestructure", "Tasks.Infraestructure\Tasks.Infraestructure.csproj", "{3F167F47-F0C0-42AA-82D2-291773036AD4}"
EndProject
Project("{FAE04EC0-301F-11D3-BF4B-00C04F79EFBC}") = "Tasks.Application", "Tasks.Application\Tasks.Application.csproj", "{F9B7CFFE-EE10-465F-9F7C-E495F6BF201E}"
EndProject
Global
	GlobalSection(SolutionConfigurationPlatforms) = preSolution
		Debug|Any CPU = Debug|Any CPU
		Release|Any CPU = Release|Any CPU
	EndGlobalSection
	GlobalSection(ProjectConfigurationPlatforms) = postSolution
		{93B657E7-4B10-40DE-9B94-0552811B0365}.Debug|Any CPU.ActiveCfg = Debug|Any CPU
		{93B657E7-4B10-40DE-9B94-0552811B0365}.Debug|Any CPU.Build.0 = Debug|Any CPU
		{93B657E7-4B10-40DE-9B94-0552811B0365}.Release|Any CPU.ActiveCfg = Release|Any CPU
		{93B657E7-4B10-40DE-9B94-0552811B0365}.Release|Any CPU.Build.0 = Release|Any CPU
		{C3227A8F-646D-4AC5-B368-A144CC7C88AB}.Debug|Any CPU.ActiveCfg = Debug|Any CPU
		{C3227A8F-646D-4AC5-B368-A144CC7C88AB}.Debug|Any CPU.Build.0 = Debug|Any CPU
		{C3227A8F-646D-4AC5-B368-A144CC7C88AB}.Release|Any CPU.ActiveCfg = Release|Any CPU
		{C3227A8F-646D-4AC5-B368-A144CC7C88AB}.Release|Any CPU.Build.0 = Release|Any CPU
		{3F167F47-F0C0-42AA-82D2-291773036AD4}.Debug|Any CPU.ActiveCfg = Debug|Any CPU
		{3F167F47-F0C0-42AA-82D2-291773036AD4}.Debug|Any CPU.Build.0 = Debug|Any CPU
		{3F167F47-F0C0-42AA-82D2-291773036AD4}.Release|Any CPU.ActiveCfg = Release|Any CPU
		{3F167F47-F0C0-42AA-82D2-291773036AD4}.Release|Any CPU.Build.0 = Release|Any CPU
		{F9B7CFFE-EE10-465F-9F7C-E495F6BF201E}.Debug|Any CPU.ActiveCfg = Debug|Any CPU
		{F9B7CFFE-EE10-465F-9F7C-E495F6BF201E}.Debug|Any CPU.Build.0 = Debug|Any CPU
		{F9B7CFFE-EE10-465F-9F7C-E495F6BF201E}.Release|Any CPU.ActiveCfg = Release|Any CPU
		{F9B7CFFE-EE10-465F-9F7C-E495F6BF201E}.Release|Any CPU.Build.0 = Release|Any CPU
	EndGlobalSection
	GlobalSection(SolutionProperties) = preSolution
		HideSolutionNode = FALSE
	EndGlobalSection
	GlobalSection(ExtensibilityGlobals) = postSolution
		SolutionGuid = {CF8C5A9A-A1E8-4B17-AC15-66BE7D9AAC17}
	EndGlobalSection
EndGlobal
